
Microsoft Visual Studio Solution File, Format Version 12.00
# Visual Studio Version 16
VisualStudioVersion = 16.0.29418.71
MinimumVisualStudioVersion = 10.0.40219.1
Project("{FAE04EC0-301F-11D3-BF4B-00C04F79EFBC}") = "XamarinDay2.UWP", "XamarinDay2.UWP\XamarinDay2.UWP.csproj", "{81FCDBFB-A843-4E35-8F4B-D4FAF3A8AC9E}"
EndProject
Project("{FAE04EC0-301F-11D3-BF4B-00C04F79EFBC}") = "XamarinDay2.Android", "XamarinDay2.Android\XamarinDay2.Android.csproj", "{50D8E828-0128-44CD-9AAB-2DDE95A62C73}"
EndProject
Project("{FAE04EC0-301F-11D3-BF4B-00C04F79EFBC}") = "XamarinDay2.iOS", "XamarinDay2.iOS\XamarinDay2.iOS.csproj", "{6A0E5226-7B42-4754-9EB2-5C10C91227DE}"
EndProject
Project("{FAE04EC0-301F-11D3-BF4B-00C04F79EFBC}") = "XamarinDay2", "XamarinDay2\XamarinDay2.csproj", "{9929B025-94A6-4A71-914C-45404C5D7C77}"
EndProject
Global
	GlobalSection(SolutionConfigurationPlatforms) = preSolution
		Debug|Any CPU = Debug|Any CPU
		Debug|ARM = Debug|ARM
		Debug|iPhone = Debug|iPhone
		Debug|iPhoneSimulator = Debug|iPhoneSimulator
		Debug|x64 = Debug|x64
		Debug|x86 = Debug|x86
		Release|Any CPU = Release|Any CPU
		Release|ARM = Release|ARM
		Release|iPhone = Release|iPhone
		Release|iPhoneSimulator = Release|iPhoneSimulator
		Release|x64 = Release|x64
		Release|x86 = Release|x86
	EndGlobalSection
	GlobalSection(ProjectConfigurationPlatforms) = postSolution
		{81FCDBFB-A843-4E35-8F4B-D4FAF3A8AC9E}.Debug|Any CPU.ActiveCfg = Debug|x86
		{81FCDBFB-A843-4E35-8F4B-D4FAF3A8AC9E}.Debug|Any CPU.Build.0 = Debug|x86
		{81FCDBFB-A843-4E35-8F4B-D4FAF3A8AC9E}.Debug|Any CPU.Deploy.0 = Debug|x86
		{81FCDBFB-A843-4E35-8F4B-D4FAF3A8AC9E}.Debug|ARM.ActiveCfg = Debug|ARM
		{81FCDBFB-A843-4E35-8F4B-D4FAF3A8AC9E}.Debug|ARM.Build.0 = Debug|ARM
		{81FCDBFB-A843-4E35-8F4B-D4FAF3A8AC9E}.Debug|ARM.Deploy.0 = Debug|ARM
		{81FCDBFB-A843-4E35-8F4B-D4FAF3A8AC9E}.Debug|iPhone.ActiveCfg = Debug|x86
		{81FCDBFB-A843-4E35-8F4B-D4FAF3A8AC9E}.Debug|iPhone.Build.0 = Debug|x86
		{81FCDBFB-A843-4E35-8F4B-D4FAF3A8AC9E}.Debug|iPhone.Deploy.0 = Debug|x86
		{81FCDBFB-A843-4E35-8F4B-D4FAF3A8AC9E}.Debug|iPhoneSimulator.ActiveCfg = Debug|x86
		{81FCDBFB-A843-4E35-8F4B-D4FAF3A8AC9E}.Debug|iPhoneSimulator.Build.0 = Debug|x86
		{81FCDBFB-A843-4E35-8F4B-D4FAF3A8AC9E}.Debug|iPhoneSimulator.Deploy.0 = Debug|x86
		{81FCDBFB-A843-4E35-8F4B-D4FAF3A8AC9E}.Debug|x64.ActiveCfg = Debug|x64
		{81FCDBFB-A843-4E35-8F4B-D4FAF3A8AC9E}.Debug|x64.Build.0 = Debug|x64
		{81FCDBFB-A843-4E35-8F4B-D4FAF3A8AC9E}.Debug|x64.Deploy.0 = Debug|x64
		{81FCDBFB-A843-4E35-8F4B-D4FAF3A8AC9E}.Debug|x86.ActiveCfg = Debug|x86
		{81FCDBFB-A843-4E35-8F4B-D4FAF3A8AC9E}.Debug|x86.Build.0 = Debug|x86
		{81FCDBFB-A843-4E35-8F4B-D4FAF3A8AC9E}.Debug|x86.Deploy.0 = Debug|x86
		{81FCDBFB-A843-4E35-8F4B-D4FAF3A8AC9E}.Release|Any CPU.ActiveCfg = Release|x86
		{81FCDBFB-A843-4E35-8F4B-D4FAF3A8AC9E}.Release|Any CPU.Build.0 = Release|x86
		{81FCDBFB-A843-4E35-8F4B-D4FAF3A8AC9E}.Release|Any CPU.Deploy.0 = Release|x86
		{81FCDBFB-A843-4E35-8F4B-D4FAF3A8AC9E}.Release|ARM.ActiveCfg = Release|ARM
		{81FCDBFB-A843-4E35-8F4B-D4FAF3A8AC9E}.Release|ARM.Build.0 = Release|ARM
		{81FCDBFB-A843-4E35-8F4B-D4FAF3A8AC9E}.Release|ARM.Deploy.0 = Release|ARM
		{81FCDBFB-A843-4E35-8F4B-D4FAF3A8AC9E}.Release|iPhone.ActiveCfg = Release|x86
		{81FCDBFB-A843-4E35-8F4B-D4FAF3A8AC9E}.Release|iPhone.Build.0 = Release|x86
		{81FCDBFB-A843-4E35-8F4B-D4FAF3A8AC9E}.Release|iPhone.Deploy.0 = Release|x86
		{81FCDBFB-A843-4E35-8F4B-D4FAF3A8AC9E}.Release|iPhoneSimulator.ActiveCfg = Release|x86
		{81FCDBFB-A843-4E35-8F4B-D4FAF3A8AC9E}.Release|iPhoneSimulator.Build.0 = Release|x86
		{81FCDBFB-A843-4E35-8F4B-D4FAF3A8AC9E}.Release|iPhoneSimulator.Deploy.0 = Release|x86
		{81FCDBFB-A843-4E35-8F4B-D4FAF3A8AC9E}.Release|x64.ActiveCfg = Release|x64
		{81FCDBFB-A843-4E35-8F4B-D4FAF3A8AC9E}.Release|x64.Build.0 = Release|x64
		{81FCDBFB-A843-4E35-8F4B-D4FAF3A8AC9E}.Release|x64.Deploy.0 = Release|x64
		{81FCDBFB-A843-4E35-8F4B-D4FAF3A8AC9E}.Release|x86.ActiveCfg = Release|x86
		{81FCDBFB-A843-4E35-8F4B-D4FAF3A8AC9E}.Release|x86.Build.0 = Release|x86
		{81FCDBFB-A843-4E35-8F4B-D4FAF3A8AC9E}.Release|x86.Deploy.0 = Release|x86
		{50D8E828-0128-44CD-9AAB-2DDE95A62C73}.Debug|Any CPU.ActiveCfg = Debug|Any CPU
		{50D8E828-0128-44CD-9AAB-2DDE95A62C73}.Debug|Any CPU.Build.0 = Debug|Any CPU
		{50D8E828-0128-44CD-9AAB-2DDE95A62C73}.Debug|Any CPU.Deploy.0 = Debug|Any CPU
		{50D8E828-0128-44CD-9AAB-2DDE95A62C73}.Debug|ARM.ActiveCfg = Debug|Any CPU
		{50D8E828-0128-44CD-9AAB-2DDE95A62C73}.Debug|ARM.Build.0 = Debug|Any CPU
		{50D8E828-0128-44CD-9AAB-2DDE95A62C73}.Debug|ARM.Deploy.0 = Debug|Any CPU
		{50D8E828-0128-44CD-9AAB-2DDE95A62C73}.Debug|iPhone.ActiveCfg = Debug|Any CPU
		{50D8E828-0128-44CD-9AAB-2DDE95A62C73}.Debug|iPhone.Build.0 = Debug|Any CPU
		{50D8E828-0128-44CD-9AAB-2DDE95A62C73}.Debug|iPhone.Deploy.0 = Debug|Any CPU
		{50D8E828-0128-44CD-9AAB-2DDE95A62C73}.Debug|iPhoneSimulator.ActiveCfg = Debug|Any CPU
		{50D8E828-0128-44CD-9AAB-2DDE95A62C73}.Debug|iPhoneSimulator.Build.0 = Debug|Any CPU
		{50D8E828-0128-44CD-9AAB-2DDE95A62C73}.Debug|iPhoneSimulator.Deploy.0 = Debug|Any CPU
		{50D8E828-0128-44CD-9AAB-2DDE95A62C73}.Debug|x64.ActiveCfg = Debug|Any CPU
		{50D8E828-0128-44CD-9AAB-2DDE95A62C73}.Debug|x64.Build.0 = Debug|Any CPU
		{50D8E828-0128-44CD-9AAB-2DDE95A62C73}.Debug|x64.Deploy.0 = Debug|Any CPU
		{50D8E828-0128-44CD-9AAB-2DDE95A62C73}.Debug|x86.ActiveCfg = Debug|Any CPU
		{50D8E828-0128-44CD-9AAB-2DDE95A62C73}.Debug|x86.Build.0 = Debug|Any CPU
		{50D8E828-0128-44CD-9AAB-2DDE95A62C73}.Debug|x86.Deploy.0 = Debug|Any CPU
		{50D8E828-0128-44CD-9AAB-2DDE95A62C73}.Release|Any CPU.ActiveCfg = Release|Any CPU
		{50D8E828-0128-44CD-9AAB-2DDE95A62C73}.Release|Any CPU.Build.0 = Release|Any CPU
		{50D8E828-0128-44CD-9AAB-2DDE95A62C73}.Release|Any CPU.Deploy.0 = Release|Any CPU
		{50D8E828-0128-44CD-9AAB-2DDE95A62C73}.Release|ARM.ActiveCfg = Release|Any CPU
		{50D8E828-0128-44CD-9AAB-2DDE95A62C73}.Release|ARM.Build.0 = Release|Any CPU
		{50D8E828-0128-44CD-9AAB-2DDE95A62C73}.Release|ARM.Deploy.0 = Release|Any CPU
		{50D8E828-0128-44CD-9AAB-2DDE95A62C73}.Release|iPhone.ActiveCfg = Release|Any CPU
		{50D8E828-0128-44CD-9AAB-2DDE95A62C73}.Release|iPhone.Build.0 = Release|Any CPU
		{50D8E828-0128-44CD-9AAB-2DDE95A62C73}.Release|iPhone.Deploy.0 = Release|Any CPU
		{50D8E828-0128-44CD-9AAB-2DDE95A62C73}.Release|iPhoneSimulator.ActiveCfg = Release|Any CPU
		{50D8E828-0128-44CD-9AAB-2DDE95A62C73}.Release|iPhoneSimulator.Build.0 = Release|Any CPU
		{50D8E828-0128-44CD-9AAB-2DDE95A62C73}.Release|iPhoneSimulator.Deploy.0 = Release|Any CPU
		{50D8E828-0128-44CD-9AAB-2DDE95A62C73}.Release|x64.ActiveCfg = Release|Any CPU
		{50D8E828-0128-44CD-9AAB-2DDE95A62C73}.Release|x64.Build.0 = Release|Any CPU
		{50D8E828-0128-44CD-9AAB-2DDE95A62C73}.Release|x64.Deploy.0 = Release|Any CPU
		{50D8E828-0128-44CD-9AAB-2DDE95A62C73}.Release|x86.ActiveCfg = Release|Any CPU
		{50D8E828-0128-44CD-9AAB-2DDE95A62C73}.Release|x86.Build.0 = Release|Any CPU
		{50D8E828-0128-44CD-9AAB-2DDE95A62C73}.Release|x86.Deploy.0 = Release|Any CPU
		{6A0E5226-7B42-4754-9EB2-5C10C91227DE}.Debug|Any CPU.ActiveCfg = Debug|iPhone
		{6A0E5226-7B42-4754-9EB2-5C10C91227DE}.Debug|Any CPU.Build.0 = Debug|iPhone
		{6A0E5226-7B42-4754-9EB2-5C10C91227DE}.Debug|Any CPU.Deploy.0 = Debug|iPhone
		{6A0E5226-7B42-4754-9EB2-5C10C91227DE}.Debug|ARM.ActiveCfg = Debug|iPhoneSimulator
		{6A0E5226-7B42-4754-9EB2-5C10C91227DE}.Debug|ARM.Build.0 = Debug|iPhoneSimulator
		{6A0E5226-7B42-4754-9EB2-5C10C91227DE}.Debug|ARM.Deploy.0 = Debug|iPhoneSimulator
		{6A0E5226-7B42-4754-9EB2-5C10C91227DE}.Debug|iPhone.ActiveCfg = Debug|iPhone
		{6A0E5226-7B42-4754-9EB2-5C10C91227DE}.Debug|iPhone.Build.0 = Debug|iPhone
		{6A0E5226-7B42-4754-9EB2-5C10C91227DE}.Debug|iPhone.Deploy.0 = Debug|iPhone
		{6A0E5226-7B42-4754-9EB2-5C10C91227DE}.Debug|iPhoneSimulator.ActiveCfg = Debug|iPhoneSimulator
		{6A0E5226-7B42-4754-9EB2-5C10C91227DE}.Debug|iPhoneSimulator.Build.0 = Debug|iPhoneSimulator
		{6A0E5226-7B42-4754-9EB2-5C10C91227DE}.Debug|iPhoneSimulator.Deploy.0 = Debug|iPhoneSimulator
		{6A0E5226-7B42-4754-9EB2-5C10C91227DE}.Debug|x64.ActiveCfg = Debug|iPhone
		{6A0E5226-7B42-4754-9EB2-5C10C91227DE}.Debug|x64.Build.0 = Debug|iPhone
		{6A0E5226-7B42-4754-9EB2-5C10C91227DE}.Debug|x64.Deploy.0 = Debug|iPhone
		{6A0E5226-7B42-4754-9EB2-5C10C91227DE}.Debug|x86.ActiveCfg = Debug|iPhone
		{6A0E5226-7B42-4754-9EB2-5C10C91227DE}.Debug|x86.Build.0 = Debug|iPhone
		{6A0E5226-7B42-4754-9EB2-5C10C91227DE}.Debug|x86.Deploy.0 = Debug|iPhone
		{6A0E5226-7B42-4754-9EB2-5C10C91227DE}.Release|Any CPU.ActiveCfg = Release|iPhone
		{6A0E5226-7B42-4754-9EB2-5C10C91227DE}.Release|Any CPU.Build.0 = Release|iPhone
		{6A0E5226-7B42-4754-9EB2-5C10C91227DE}.Release|Any CPU.Deploy.0 = Release|iPhone
		{6A0E5226-7B42-4754-9EB2-5C10C91227DE}.Release|ARM.ActiveCfg = Release|iPhone
		{6A0E5226-7B42-4754-9EB2-5C10C91227DE}.Release|ARM.Build.0 = Release|iPhone
		{6A0E5226-7B42-4754-9EB2-5C10C91227DE}.Release|ARM.Deploy.0 = Release|iPhone
		{6A0E5226-7B42-4754-9EB2-5C10C91227DE}.Release|iPhone.ActiveCfg = Release|iPhone
		{6A0E5226-7B42-4754-9EB2-5C10C91227DE}.Release|iPhone.Build.0 = Release|iPhone
		{6A0E5226-7B42-4754-9EB2-5C10C91227DE}.Release|iPhone.Deploy.0 = Release|iPhone
		{6A0E5226-7B42-4754-9EB2-5C10C91227DE}.Release|iPhoneSimulator.ActiveCfg = Release|iPhoneSimulator
		{6A0E5226-7B42-4754-9EB2-5C10C91227DE}.Release|iPhoneSimulator.Build.0 = Release|iPhoneSimulator
		{6A0E5226-7B42-4754-9EB2-5C10C91227DE}.Release|iPhoneSimulator.Deploy.0 = Release|iPhoneSimulator
		{6A0E5226-7B42-4754-9EB2-5C10C91227DE}.Release|x64.ActiveCfg = Release|iPhone
		{6A0E5226-7B42-4754-9EB2-5C10C91227DE}.Release|x64.Build.0 = Release|iPhone
		{6A0E5226-7B42-4754-9EB2-5C10C91227DE}.Release|x64.Deploy.0 = Release|iPhone
		{6A0E5226-7B42-4754-9EB2-5C10C91227DE}.Release|x86.ActiveCfg = Release|iPhone
		{6A0E5226-7B42-4754-9EB2-5C10C91227DE}.Release|x86.Build.0 = Release|iPhone
		{6A0E5226-7B42-4754-9EB2-5C10C91227DE}.Release|x86.Deploy.0 = Release|iPhone
		{9929B025-94A6-4A71-914C-45404C5D7C77}.Debug|Any CPU.ActiveCfg = Debug|Any CPU
		{9929B025-94A6-4A71-914C-45404C5D7C77}.Debug|Any CPU.Build.0 = Debug|Any CPU
		{9929B025-94A6-4A71-914C-45404C5D7C77}.Debug|Any CPU.Deploy.0 = Debug|Any CPU
		{9929B025-94A6-4A71-914C-45404C5D7C77}.Debug|ARM.ActiveCfg = Debug|Any CPU
		{9929B025-94A6-4A71-914C-45404C5D7C77}.Debug|ARM.Build.0 = Debug|Any CPU
		{9929B025-94A6-4A71-914C-45404C5D7C77}.Debug|ARM.Deploy.0 = Debug|Any CPU
		{9929B025-94A6-4A71-914C-45404C5D7C77}.Debug|iPhone.ActiveCfg = Debug|Any CPU
		{9929B025-94A6-4A71-914C-45404C5D7C77}.Debug|iPhone.Build.0 = Debug|Any CPU
		{9929B025-94A6-4A71-914C-45404C5D7C77}.Debug|iPhone.Deploy.0 = Debug|Any CPU
		{9929B025-94A6-4A71-914C-45404C5D7C77}.Debug|iPhoneSimulator.ActiveCfg = Debug|Any CPU
		{9929B025-94A6-4A71-914C-45404C5D7C77}.Debug|iPhoneSimulator.Build.0 = Debug|Any CPU
		{9929B025-94A6-4A71-914C-45404C5D7C77}.Debug|iPhoneSimulator.Deploy.0 = Debug|Any CPU
		{9929B025-94A6-4A71-914C-45404C5D7C77}.Debug|x64.ActiveCfg = Debug|Any CPU
		{9929B025-94A6-4A71-914C-45404C5D7C77}.Debug|x64.Build.0 = Debug|Any CPU
		{9929B025-94A6-4A71-914C-45404C5D7C77}.Debug|x64.Deploy.0 = Debug|Any CPU
		{9929B025-94A6-4A71-914C-45404C5D7C77}.Debug|x86.ActiveCfg = Debug|Any CPU
		{9929B025-94A6-4A71-914C-45404C5D7C77}.Debug|x86.Build.0 = Debug|Any CPU
		{9929B025-94A6-4A71-914C-45404C5D7C77}.Debug|x86.Deploy.0 = Debug|Any CPU
		{9929B025-94A6-4A71-914C-45404C5D7C77}.Release|Any CPU.ActiveCfg = Release|Any CPU
		{9929B025-94A6-4A71-914C-45404C5D7C77}.Release|Any CPU.Build.0 = Release|Any CPU
		{9929B025-94A6-4A71-914C-45404C5D7C77}.Release|Any CPU.Deploy.0 = Release|Any CPU
		{9929B025-94A6-4A71-914C-45404C5D7C77}.Release|ARM.ActiveCfg = Release|Any CPU
		{9929B025-94A6-4A71-914C-45404C5D7C77}.Release|ARM.Build.0 = Release|Any CPU
		{9929B025-94A6-4A71-914C-45404C5D7C77}.Release|ARM.Deploy.0 = Release|Any CPU
		{9929B025-94A6-4A71-914C-45404C5D7C77}.Release|iPhone.ActiveCfg = Release|Any CPU
		{9929B025-94A6-4A71-914C-45404C5D7C77}.Release|iPhone.Build.0 = Release|Any CPU
		{9929B025-94A6-4A71-914C-45404C5D7C77}.Release|iPhone.Deploy.0 = Release|Any CPU
		{9929B025-94A6-4A71-914C-45404C5D7C77}.Release|iPhoneSimulator.ActiveCfg = Release|Any CPU
		{9929B025-94A6-4A71-914C-45404C5D7C77}.Release|iPhoneSimulator.Build.0 = Release|Any CPU
		{9929B025-94A6-4A71-914C-45404C5D7C77}.Release|iPhoneSimulator.Deploy.0 = Release|Any CPU
		{9929B025-94A6-4A71-914C-45404C5D7C77}.Release|x64.ActiveCfg = Release|Any CPU
		{9929B025-94A6-4A71-914C-45404C5D7C77}.Release|x64.Build.0 = Release|Any CPU
		{9929B025-94A6-4A71-914C-45404C5D7C77}.Release|x64.Deploy.0 = Release|Any CPU
		{9929B025-94A6-4A71-914C-45404C5D7C77}.Release|x86.ActiveCfg = Release|Any CPU
		{9929B025-94A6-4A71-914C-45404C5D7C77}.Release|x86.Build.0 = Release|Any CPU
		{9929B025-94A6-4A71-914C-45404C5D7C77}.Release|x86.Deploy.0 = Release|Any CPU
	EndGlobalSection
	GlobalSection(SolutionProperties) = preSolution
		HideSolutionNode = FALSE
	EndGlobalSection
	GlobalSection(ExtensibilityGlobals) = postSolution
		SolutionGuid = {648EC65A-6077-4F4F-9581-F0460369730B}
	EndGlobalSection
EndGlobal
